
Microsoft Visual Studio Solution File, Format Version 12.00
# Visual Studio 15
Project("{FAE04EC0-301F-11D3-BF4B-00C04F79EFBC}") = "proba", "Assembly-CSharp.csproj", "{2FCA1BEE-8118-3253-612C-F48E3CEC0CA5}"
EndProject
Global
	GlobalSection(SolutionConfigurationPlatforms) = preSolution
		Debug|Any CPU = Debug|Any CPU
		Release|Any CPU = Release|Any CPU
	EndGlobalSection
	GlobalSection(ProjectConfigurationPlatforms) = postSolution
		{2FCA1BEE-8118-3253-612C-F48E3CEC0CA5}.Debug|Any CPU.ActiveCfg = Debug|Any CPU
		{2FCA1BEE-8118-3253-612C-F48E3CEC0CA5}.Debug|Any CPU.Build.0 = Debug|Any CPU
		{2FCA1BEE-8118-3253-612C-F48E3CEC0CA5}.Release|Any CPU.ActiveCfg = Release|Any CPU
		{2FCA1BEE-8118-3253-612C-F48E3CEC0CA5}.Release|Any CPU.Build.0 = Release|Any CPU
	EndGlobalSection
	GlobalSection(SolutionProperties) = preSolution
		HideSolutionNode = FALSE
	EndGlobalSection
EndGlobal
